Microsoft Visual Studio Solution File, Format Version 12.00
# Visual Studio Version 17
VisualStudioVersion = 17.5.2.0
MinimumVisualStudioVersion = 10.0.40219.1
Project("{2150E333-8FDC-42A3-9474-1A3956D46DE8}") = "blog-build", "blog-build", "{A3A177BE-64D6-1A9A-1272-63E86EB5DD39}"
EndProject
Project("{FAE04EC0-301F-11D3-BF4B-00C04F79EFBC}") = "BlogBuild", "blog-build\BlogBuild.csproj", "{38137E26-CB68-A552-E7B9-21E0246734C9}"
EndProject
Global
	GlobalSection(SolutionConfigurationPlatforms) = preSolution
		Debug|Any CPU = Debug|Any CPU
		Release|Any CPU = Release|Any CPU
	EndGlobalSection
	GlobalSection(ProjectConfigurationPlatforms) = postSolution
		{38137E26-CB68-A552-E7B9-21E0246734C9}.Debug|Any CPU.ActiveCfg = Debug|Any CPU
		{38137E26-CB68-A552-E7B9-21E0246734C9}.Debug|Any CPU.Build.0 = Debug|Any CPU
		{38137E26-CB68-A552-E7B9-21E0246734C9}.Release|Any CPU.ActiveCfg = Release|Any CPU
		{38137E26-CB68-A552-E7B9-21E0246734C9}.Release|Any CPU.Build.0 = Release|Any CPU
	EndGlobalSection
	GlobalSection(SolutionProperties) = preSolution
		HideSolutionNode = FALSE
	EndGlobalSection
	GlobalSection(NestedProjects) = preSolution
		{38137E26-CB68-A552-E7B9-21E0246734C9} = {A3A177BE-64D6-1A9A-1272-63E86EB5DD39}
	EndGlobalSection
	GlobalSection(ExtensibilityGlobals) = postSolution
		SolutionGuid = {BE793487-7F5E-44C2-8DD5-66521A8EDFB6}
	EndGlobalSection
EndGlobal
